
Microsoft Visual Studio Solution File, Format Version 12.00
# Visual Studio Version 16
VisualStudioVersion = 16.0.33027.164
MinimumVisualStudioVersion = 10.0.40219.1
Project("{FAE04EC0-301F-11D3-BF4B-00C04F79EFBC}") = "ApplicationWEB", "ApplicationWEB\ApplicationWEB.csproj", "{98F60331-BC46-468F-8E6C-F7F72C1BD351}"
EndProject
Global
	GlobalSection(SolutionConfigurationPlatforms) = preSolution
		Debug|Any CPU = Debug|Any CPU
		Release|Any CPU = Release|Any CPU
	EndGlobalSection
	GlobalSection(ProjectConfigurationPlatforms) = postSolution
		{98F60331-BC46-468F-8E6C-F7F72C1BD351}.Debug|Any CPU.ActiveCfg = Debug|Any CPU
		{98F60331-BC46-468F-8E6C-F7F72C1BD351}.Debug|Any CPU.Build.0 = Debug|Any CPU
		{98F60331-BC46-468F-8E6C-F7F72C1BD351}.Release|Any CPU.ActiveCfg = Release|Any CPU
		{98F60331-BC46-468F-8E6C-F7F72C1BD351}.Release|Any CPU.Build.0 = Release|Any CPU
	EndGlobalSection
	GlobalSection(SolutionProperties) = preSolution
		HideSolutionNode = FALSE
	EndGlobalSection
	GlobalSection(ExtensibilityGlobals) = postSolution
		SolutionGuid = {667FDF2B-8623-4F19-B31E-10B23262D51C}
	EndGlobalSection
EndGlobal
